
Microsoft Visual Studio Solution File, Format Version 12.00
# Visual Studio Version 16
VisualStudioVersion = 16.0.30804.86
MinimumVisualStudioVersion = 10.0.40219.1
Project("{FAE04EC0-301F-11D3-BF4B-00C04F79EFBC}") = "SalesWebMVC", "SalesWebMVC\SalesWebMVC.csproj", "{A49EB616-FA4C-4B6E-B7CC-36FF90868CF8}"
EndProject
Global
	GlobalSection(SolutionConfigurationPlatforms) = preSolution
		Debug|Any CPU = Debug|Any CPU
		Release|Any CPU = Release|Any CPU
	EndGlobalSection
	GlobalSection(ProjectConfigurationPlatforms) = postSolution
		{A49EB616-FA4C-4B6E-B7CC-36FF90868CF8}.Debug|Any CPU.ActiveCfg = Debug|Any CPU
		{A49EB616-FA4C-4B6E-B7CC-36FF90868CF8}.Debug|Any CPU.Build.0 = Debug|Any CPU
		{A49EB616-FA4C-4B6E-B7CC-36FF90868CF8}.Release|Any CPU.ActiveCfg = Release|Any CPU
		{A49EB616-FA4C-4B6E-B7CC-36FF90868CF8}.Release|Any CPU.Build.0 = Release|Any CPU
	EndGlobalSection
	GlobalSection(SolutionProperties) = preSolution
		HideSolutionNode = FALSE
	EndGlobalSection
	GlobalSection(ExtensibilityGlobals) = postSolution
		SolutionGuid = {C4F5DF84-907A-477F-BE67-97CCF36506B5}
	EndGlobalSection
EndGlobal
